// !$*UTF8*$!
{
	archiveVersion = 1;
	classes = {
	};
	objectVersion = 55;
	objects = {

/* Begin PBXBuildFile section */
		BC51112729ACF22C0074E67A /* FestPlan_MobileAppApp.swift in Sources */ = {isa = PBXBuildFile; fileRef = BC51112629ACF22C0074E67A /* FestPlan_MobileAppApp.swift */; };
		BC51112B29ACF22E0074E67A /* Assets.xcassets in Resources */ = {isa = PBXBuildFile; fileRef = BC51112A29ACF22E0074E67A /* Assets.xcassets */; };
		BC51112E29ACF22E0074E67A /* Preview Assets.xcassets in Resources */ = {isa = PBXBuildFile; fileRef = BC51112D29ACF22E0074E67A /* Preview Assets.xcassets */; };
		BC6DFB0929C64C5500E28895 /* AuthService.swift in Sources */ = {isa = PBXBuildFile; fileRef = BC6DFB0829C64C5500E28895 /* AuthService.swift */; };
		BC7D545129C9961200853497 /* FestivalService.swift in Sources */ = {isa = PBXBuildFile; fileRef = BC7D545029C9961200853497 /* FestivalService.swift */; };
		BC7D545329C9A7F800853497 /* SignupRegistrationView.swift in Sources */ = {isa = PBXBuildFile; fileRef = BC7D545229C9A7F800853497 /* SignupRegistrationView.swift */; };
		BC7D545529CA494600853497 /* UserViewModel.swift in Sources */ = {isa = PBXBuildFile; fileRef = BC7D545429CA494600853497 /* UserViewModel.swift */; };
		BC7D545729CA49F700853497 /* UserIntent.swift in Sources */ = {isa = PBXBuildFile; fileRef = BC7D545629CA49F700853497 /* UserIntent.swift */; };
		BC7D545929CA4BBB00853497 /* FestivalModelView.swift in Sources */ = {isa = PBXBuildFile; fileRef = BC7D545829CA4BBB00853497 /* FestivalModelView.swift */; };
		BC7D545B29CA5AE600853497 /* FestivalIntent.swift in Sources */ = {isa = PBXBuildFile; fileRef = BC7D545A29CA5AE600853497 /* FestivalIntent.swift */; };
		BCB9E3CD29C5D2AF00BE35D4 /* ContentView.swift in Sources */ = {isa = PBXBuildFile; fileRef = BCB9E3CC29C5D2AF00BE35D4 /* ContentView.swift */; };
		BCB9E3CF29C5FC6C00BE35D4 /* SignUpView.swift in Sources */ = {isa = PBXBuildFile; fileRef = BCB9E3CE29C5FC6C00BE35D4 /* SignUpView.swift */; };
		BCB9E3D129C601BE00BE35D4 /* HomeBoardView.swift in Sources */ = {isa = PBXBuildFile; fileRef = BCB9E3D029C601BD00BE35D4 /* HomeBoardView.swift */; };
		BCB9E3D329C6021500BE35D4 /* DisplayRegistrationView.swift in Sources */ = {isa = PBXBuildFile; fileRef = BCB9E3D229C6021500BE35D4 /* DisplayRegistrationView.swift */; };
		BCE4091929B0F69A0051DB3B /* SignInView.swift in Sources */ = {isa = PBXBuildFile; fileRef = BCE4091829B0F69A0051DB3B /* SignInView.swift */; };
		BCF68A1929C0777800693801 /* ApiConfig.swift in Sources */ = {isa = PBXBuildFile; fileRef = BCF68A1829C0777800693801 /* ApiConfig.swift */; };
		BCF68A1D29C082E300693801 /* AuthHeader.swift in Sources */ = {isa = PBXBuildFile; fileRef = BCF68A1C29C082E300693801 /* AuthHeader.swift */; };
/* End PBXBuildFile section */

/* Begin PBXFileReference section */
		BC51112329ACF22C0074E67A /* FestPlan.app */ = {isa = PBXFileReference; explicitFileType = wrapper.application; includeInIndex = 0; path = FestPlan.app; sourceTree = BUILT_PRODUCTS_DIR; };
		BC51112629ACF22C0074E67A /* FestPlan_MobileAppApp.swift */ = {isa = PBXFileReference; lastKnownFileType = sourcecode.swift; path = FestPlan_MobileAppApp.swift; sourceTree = "<group>"; };
		BC51112A29ACF22E0074E67A /* Assets.xcassets */ = {isa = PBXFileReference; lastKnownFileType = folder.assetcatalog; path = Assets.xcassets; sourceTree = "<group>"; };
		BC51112D29ACF22E0074E67A /* Preview Assets.xcassets */ = {isa = PBXFileReference; lastKnownFileType = folder.assetcatalog; path = "Preview Assets.xcassets"; sourceTree = "<group>"; };
		BC6DFB0829C64C5500E28895 /* AuthService.swift */ = {isa = PBXFileReference; lastKnownFileType = sourcecode.swift; path = AuthService.swift; sourceTree = "<group>"; };
		BC7D545029C9961200853497 /* FestivalService.swift */ = {isa = PBXFileReference; lastKnownFileType = sourcecode.swift; path = FestivalService.swift; sourceTree = "<group>"; };
		BC7D545229C9A7F800853497 /* SignupRegistrationView.swift */ = {isa = PBXFileReference; lastKnownFileType = sourcecode.swift; path = SignupRegistrationView.swift; sourceTree = "<group>"; };
		BC7D545429CA494600853497 /* UserViewModel.swift */ = {isa = PBXFileReference; lastKnownFileType = sourcecode.swift; path = UserViewModel.swift; sourceTree = "<group>"; };
		BC7D545629CA49F700853497 /* UserIntent.swift */ = {isa = PBXFileReference; lastKnownFileType = sourcecode.swift; path = UserIntent.swift; sourceTree = "<group>"; };
		BC7D545829CA4BBB00853497 /* FestivalModelView.swift */ = {isa = PBXFileReference; lastKnownFileType = sourcecode.swift; path = FestivalModelView.swift; sourceTree = "<group>"; };
		BC7D545A29CA5AE600853497 /* FestivalIntent.swift */ = {isa = PBXFileReference; lastKnownFileType = sourcecode.swift; path = FestivalIntent.swift; sourceTree = "<group>"; };
		BCB9E3CC29C5D2AF00BE35D4 /* ContentView.swift */ = {isa = PBXFileReference; lastKnownFileType = sourcecode.swift; path = ContentView.swift; sourceTree = "<group>"; };
		BCB9E3CE29C5FC6C00BE35D4 /* SignUpView.swift */ = {isa = PBXFileReference; lastKnownFileType = sourcecode.swift; path = SignUpView.swift; sourceTree = "<group>"; };
		BCB9E3D029C601BD00BE35D4 /* HomeBoardView.swift */ = {isa = PBXFileReference; lastKnownFileType = sourcecode.swift; path = HomeBoardView.swift; sourceTree = "<group>"; };
		BCB9E3D229C6021500BE35D4 /* DisplayRegistrationView.swift */ = {isa = PBXFileReference; lastKnownFileType = sourcecode.swift; path = DisplayRegistrationView.swift; sourceTree = "<group>"; };
		BCE4091829B0F69A0051DB3B /* SignInView.swift */ = {isa = PBXFileReference; lastKnownFileType = sourcecode.swift; path = SignInView.swift; sourceTree = "<group>"; };
		BCF68A1829C0777800693801 /* ApiConfig.swift */ = {isa = PBXFileReference; lastKnownFileType = sourcecode.swift; path = ApiConfig.swift; sourceTree = "<group>"; };
		BCF68A1C29C082E300693801 /* AuthHeader.swift */ = {isa = PBXFileReference; lastKnownFileType = sourcecode.swift; path = AuthHeader.swift; sourceTree = "<group>"; };
/* End PBXFileReference section */

/* Begin PBXFrameworksBuildPhase section */
		BC51112029ACF22C0074E67A /* Frameworks */ = {
			isa = PBXFrameworksBuildPhase;
			buildActionMask = 2147483647;
			files = (
			);
			runOnlyForDeploymentPostprocessing = 0;
		};
/* End PBXFrameworksBuildPhase section */

/* Begin PBXGroup section */
		BC51111A29ACF22C0074E67A = {
			isa = PBXGroup;
			children = (
				BC51112529ACF22C0074E67A /* FestPlan_MobileApp */,
				BC51112429ACF22C0074E67A /* Products */,
			);
			sourceTree = "<group>";
		};
		BC51112429ACF22C0074E67A /* Products */ = {
			isa = PBXGroup;
			children = (
				BC51112329ACF22C0074E67A /* FestPlan.app */,
			);
			name = Products;
			sourceTree = "<group>";
		};
		BC51112529ACF22C0074E67A /* FestPlan_MobileApp */ = {
			isa = PBXGroup;
			children = (
				BCF68A1729C0762B00693801 /* Intent */,
				BCF68A1629C0761400693801 /* Config */,
				BCF68A1529C0760700693801 /* Service */,
				BCE4091C29B0F6CA0051DB3B /* ModelView */,
				BCE4091A29B0F6AF0051DB3B /* View */,
				BC51112629ACF22C0074E67A /* FestPlan_MobileAppApp.swift */,
				BC51112A29ACF22E0074E67A /* Assets.xcassets */,
				BC51112C29ACF22E0074E67A /* Preview Content */,
			);
			path = FestPlan_MobileApp;
			sourceTree = "<group>";
		};
		BC51112C29ACF22E0074E67A /* Preview Content */ = {
			isa = PBXGroup;
			children = (
				BC51112D29ACF22E0074E67A /* Preview Assets.xcassets */,
			);
			path = "Preview Content";
			sourceTree = "<group>";
		};
		BCE4091A29B0F6AF0051DB3B /* View */ = {
			isa = PBXGroup;
			children = (
				BCE4091829B0F69A0051DB3B /* SignInView.swift */,
				BCB9E3CC29C5D2AF00BE35D4 /* ContentView.swift */,
				BCB9E3CE29C5FC6C00BE35D4 /* SignUpView.swift */,
				BCB9E3D029C601BD00BE35D4 /* HomeBoardView.swift */,
				BCB9E3D229C6021500BE35D4 /* DisplayRegistrationView.swift */,
				BC7D545229C9A7F800853497 /* SignupRegistrationView.swift */,
			);
			path = View;
			sourceTree = "<group>";
		};
		BCE4091C29B0F6CA0051DB3B /* ModelView */ = {
			isa = PBXGroup;
			children = (
				BC7D545429CA494600853497 /* UserViewModel.swift */,
				BC7D545829CA4BBB00853497 /* FestivalModelView.swift */,
			);
			path = ModelView;
			sourceTree = "<group>";
		};
		BCF68A1529C0760700693801 /* Service */ = {
			isa = PBXGroup;
			children = (
				BCF68A1C29C082E300693801 /* AuthHeader.swift */,
				BC6DFB0829C64C5500E28895 /* AuthService.swift */,
				BC7D545029C9961200853497 /* FestivalService.swift */,
			);
			path = Service;
			sourceTree = "<group>";
		};
		BCF68A1629C0761400693801 /* Config */ = {
			isa = PBXGroup;
			children = (
				BCF68A1829C0777800693801 /* ApiConfig.swift */,
			);
			path = Config;
			sourceTree = "<group>";
		};
		BCF68A1729C0762B00693801 /* Intent */ = {
			isa = PBXGroup;
			children = (
				BC7D545629CA49F700853497 /* UserIntent.swift */,
				BC7D545A29CA5AE600853497 /* FestivalIntent.swift */,
			);
			path = Intent;
			sourceTree = "<group>";
		};
/* End PBXGroup section */

/* Begin PBXNativeTarget section */
		BC51112229ACF22C0074E67A /* FestPlan_MobileApp */ = {
			isa = PBXNativeTarget;
			buildConfigurationList = BC51113129ACF22E0074E67A /* Build configuration list for PBXNativeTarget "FestPlan_MobileApp" */;
			buildPhases = (
				BC51111F29ACF22C0074E67A /* Sources */,
				BC51112029ACF22C0074E67A /* Frameworks */,
				BC51112129ACF22C0074E67A /* Resources */,
			);
			buildRules = (
			);
			dependencies = (
			);
			name = FestPlan_MobileApp;
			productName = FestPlan_MobileApp;
			productReference = BC51112329ACF22C0074E67A /* FestPlan.app */;
			productType = "com.apple.product-type.application";
		};
/* End PBXNativeTarget section */

/* Begin PBXProject section */
		BC51111B29ACF22C0074E67A /* Project object */ = {
			isa = PBXProject;
			attributes = {
				BuildIndependentTargetsInParallel = 1;
				LastSwiftUpdateCheck = 1420;
				LastUpgradeCheck = 1420;
				TargetAttributes = {
					BC51112229ACF22C0074E67A = {
						CreatedOnToolsVersion = 14.2;
					};
				};
			};
			buildConfigurationList = BC51111E29ACF22C0074E67A /* Build configuration list for PBXProject "FestPlan_MobileApp" */;
			compatibilityVersion = "Xcode 13.0";
			developmentRegion = en;
			hasScannedForEncodings = 0;
			knownRegions = (
				en,
				Base,
			);
			mainGroup = BC51111A29ACF22C0074E67A;
			productRefGroup = BC51112429ACF22C0074E67A /* Products */;
			projectDirPath = "";
			projectRoot = "";
			targets = (
				BC51112229ACF22C0074E67A /* FestPlan_MobileApp */,
			);
		};
/* End PBXProject section */

/* Begin PBXResourcesBuildPhase section */
		BC51112129ACF22C0074E67A /* Resources */ = {
			isa = PBXResourcesBuildPhase;
			buildActionMask = 2147483647;
			files = (
				BC51112E29ACF22E0074E67A /* Preview Assets.xcassets in Resources */,
				BC51112B29ACF22E0074E67A /* Assets.xcassets in Resources */,
			);
			runOnlyForDeploymentPostprocessing = 0;
		};
/* End PBXResourcesBuildPhase section */

/* Begin PBXSourcesBuildPhase section */
		BC51111F29ACF22C0074E67A /* Sources */ = {
			isa = PBXSourcesBuildPhase;
			buildActionMask = 2147483647;
			files = (
				BC7D545929CA4BBB00853497 /* FestivalModelView.swift in Sources */,
				BC7D545B29CA5AE600853497 /* FestivalIntent.swift in Sources */,
				BC51112729ACF22C0074E67A /* FestPlan_MobileAppApp.swift in Sources */,
				BCF68A1929C0777800693801 /* ApiConfig.swift in Sources */,
				BCE4091929B0F69A0051DB3B /* SignInView.swift in Sources */,
				BCB9E3CD29C5D2AF00BE35D4 /* ContentView.swift in Sources */,
				BCB9E3CF29C5FC6C00BE35D4 /* SignUpView.swift in Sources */,
				BC7D545329C9A7F800853497 /* SignupRegistrationView.swift in Sources */,
				BC7D545729CA49F700853497 /* UserIntent.swift in Sources */,
				BCB9E3D129C601BE00BE35D4 /* HomeBoardView.swift in Sources */,
				BCB9E3D329C6021500BE35D4 /* DisplayRegistrationView.swift in Sources */,
				BC7D545529CA494600853497 /* UserViewModel.swift in Sources */,
				BCF68A1D29C082E300693801 /* AuthHeader.swift in Sources */,
				BC6DFB0929C64C5500E28895 /* AuthService.swift in Sources */,
				BC7D545129C9961200853497 /* FestivalService.swift in Sources */,
			);
			runOnlyForDeploymentPostprocessing = 0;
		};
/* End PBXSourcesBuildPhase section */

/* Begin XCBuildConfiguration section */
		BC51112F29ACF22E0074E67A /* Debug */ = {
			isa = XCBuildConfiguration;
			buildSettings = {
				ALWAYS_SEARCH_USER_PATHS = NO;
				CLANG_ANALYZER_NONNULL = YES;
				CLANG_ANALYZER_NUMBER_OBJECT_CONVERSION = YES_AGGRESSIVE;
				CLANG_CXX_LANGUAGE_STANDARD = "gnu++20";
				CLANG_ENABLE_MODULES = YES;
				CLANG_ENABLE_OBJC_ARC = YES;
				CLANG_ENABLE_OBJC_WEAK = YES;
				CLANG_WARN_BLOCK_CAPTURE_AUTORELEASING = YES;
				CLANG_WARN_BOOL_CONVERSION = YES;
				CLANG_WARN_COMMA = YES;
				CLANG_WARN_CONSTANT_CONVERSION = YES;
				CLANG_WARN_DEPRECATED_OBJC_IMPLEMENTATIONS = YES;
				CLANG_WARN_DIRECT_OBJC_ISA_USAGE = YES_ERROR;
				CLANG_WARN_DOCUMENTATION_COMMENTS = YES;
				CLANG_WARN_EMPTY_BODY = YES;
				CLANG_WARN_ENUM_CONVERSION = YES;
				CLANG_WARN_INFINITE_RECURSION = YES;
				CLANG_WARN_INT_CONVERSION = YES;
				CLANG_WARN_NON_LITERAL_NULL_CONVERSION = YES;
				CLANG_WARN_OBJC_IMPLICIT_RETAIN_SELF = YES;
				CLANG_WARN_OBJC_LITERAL_CONVERSION = YES;
				CLANG_WARN_OBJC_ROOT_CLASS = YES_ERROR;
				CLANG_WARN_QUOTED_INCLUDE_IN_FRAMEWORK_HEADER = YES;
				CLANG_WARN_RANGE_LOOP_ANALYSIS = YES;
				CLANG_WARN_STRICT_PROTOTYPES = YES;
				CLANG_WARN_SUSPICIOUS_MOVE = YES;
				CLANG_WARN_UNGUARDED_AVAILABILITY = YES_AGGRESSIVE;
				CLANG_WARN_UNREACHABLE_CODE = YES;
				CLANG_WARN__DUPLICATE_METHOD_MATCH = YES;
				COPY_PHASE_STRIP = NO;
				DEBUG_INFORMATION_FORMAT = dwarf;
				ENABLE_STRICT_OBJC_MSGSEND = YES;
				ENABLE_TESTABILITY = YES;
				GCC_C_LANGUAGE_STANDARD = gnu11;
				GCC_DYNAMIC_NO_PIC = NO;
				GCC_NO_COMMON_BLOCKS = YES;
				GCC_OPTIMIZATION_LEVEL = 0;
				GCC_PREPROCESSOR_DEFINITIONS = (
					"DEBUG=1",
					"$(inherited)",
				);
				GCC_WARN_64_TO_32_BIT_CONVERSION = YES;
				GCC_WARN_ABOUT_RETURN_TYPE = YES_ERROR;
				GCC_WARN_UNDECLARED_SELECTOR = YES;
				GCC_WARN_UNINITIALIZED_AUTOS = YES_AGGRESSIVE;
				GCC_WARN_UNUSED_FUNCTION = YES;
				GCC_WARN_UNUSED_VARIABLE = YES;
				IPHONEOS_DEPLOYMENT_TARGET = 16.2;
				MTL_ENABLE_DEBUG_INFO = INCLUDE_SOURCE;
				MTL_FAST_MATH = YES;
				ONLY_ACTIVE_ARCH = YES;
				SDKROOT = iphoneos;
				SWIFT_ACTIVE_COMPILATION_CONDITIONS = DEBUG;
				SWIFT_OPTIMIZATION_LEVEL = "-Onone";
			};
			name = Debug;
		};
		BC51113029ACF22E0074E67A /* Release */ = {
			isa = XCBuildConfiguration;
			buildSettings = {
				ALWAYS_SEARCH_USER_PATHS = NO;
				CLANG_ANALYZER_NONNULL = YES;
				CLANG_ANALYZER_NUMBER_OBJECT_CONVERSION = YES_AGGRESSIVE;
				CLANG_CXX_LANGUAGE_STANDARD = "gnu++20";
				CLANG_ENABLE_MODULES = YES;
				CLANG_ENABLE_OBJC_ARC = YES;
				CLANG_ENABLE_OBJC_WEAK = YES;
				CLANG_WARN_BLOCK_CAPTURE_AUTORELEASING = YES;
				CLANG_WARN_BOOL_CONVERSION = YES;
				CLANG_WARN_COMMA = YES;
				CLANG_WARN_CONSTANT_CONVERSION = YES;
				CLANG_WARN_DEPRECATED_OBJC_IMPLEMENTATIONS = YES;
				CLANG_WARN_DIRECT_OBJC_ISA_USAGE = YES_ERROR;
				CLANG_WARN_DOCUMENTATION_COMMENTS = YES;
				CLANG_WARN_EMPTY_BODY = YES;
				CLANG_WARN_ENUM_CONVERSION = YES;
				CLANG_WARN_INFINITE_RECURSION = YES;
				CLANG_WARN_INT_CONVERSION = YES;
				CLANG_WARN_NON_LITERAL_NULL_CONVERSION = YES;
				CLANG_WARN_OBJC_IMPLICIT_RETAIN_SELF = YES;
				CLANG_WARN_OBJC_LITERAL_CONVERSION = YES;
				CLANG_WARN_OBJC_ROOT_CLASS = YES_ERROR;
				CLANG_WARN_QUOTED_INCLUDE_IN_FRAMEWORK_HEADER = YES;
				CLANG_WARN_RANGE_LOOP_ANALYSIS = YES;
				CLANG_WARN_STRICT_PROTOTYPES = YES;
				CLANG_WARN_SUSPICIOUS_MOVE = YES;
				CLANG_WARN_UNGUARDED_AVAILABILITY = YES_AGGRESSIVE;
				CLANG_WARN_UNREACHABLE_CODE = YES;
				CLANG_WARN__DUPLICATE_METHOD_MATCH = YES;
				COPY_PHASE_STRIP = NO;
				DEBUG_INFORMATION_FORMAT = "dwarf-with-dsym";
				ENABLE_NS_ASSERTIONS = NO;
				ENABLE_STRICT_OBJC_MSGSEND = YES;
				GCC_C_LANGUAGE_STANDARD = gnu11;
				GCC_NO_COMMON_BLOCKS = YES;
				GCC_WARN_64_TO_32_BIT_CONVERSION = YES;
				GCC_WARN_ABOUT_RETURN_TYPE = YES_ERROR;
				GCC_WARN_UNDECLARED_SELECTOR = YES;
				GCC_WARN_UNINITIALIZED_AUTOS = YES_AGGRESSIVE;
				GCC_WARN_UNUSED_FUNCTION = YES;
				GCC_WARN_UNUSED_VARIABLE = YES;
				IPHONEOS_DEPLOYMENT_TARGET = 16.2;
				MTL_ENABLE_DEBUG_INFO = NO;
				MTL_FAST_MATH = YES;
				SDKROOT = iphoneos;
				SWIFT_COMPILATION_MODE = wholemodule;
				SWIFT_OPTIMIZATION_LEVEL = "-O";
				VALIDATE_PRODUCT = YES;
			};
			name = Release;
		};
		BC51113229ACF22E0074E67A /* Debug */ = {
			isa = XCBuildConfiguration;
			buildSettings = {
				ASSETCATALOG_COMPILER_APPICON_NAME = AppIcon;
				ASSETCATALOG_COMPILER_GLOBAL_ACCENT_COLOR_NAME = AccentColor;
				CODE_SIGN_STYLE = Automatic;
				CURRENT_PROJECT_VERSION = 1;
				DEVELOPMENT_ASSET_PATHS = "\"FestPlan_MobileApp/Preview Content\"";
				ENABLE_PREVIEWS = YES;
				GENERATE_INFOPLIST_FILE = YES;
				INFOPLIST_KEY_UIApplicationSceneManifest_Generation = YES;
				INFOPLIST_KEY_UIApplicationSupportsIndirectInputEvents = YES;
				INFOPLIST_KEY_UILaunchScreen_Generation = YES;
				INFOPLIST_KEY_UISupportedInterfaceOrientations_iPad = "UIInterfaceOrientationPortrait UIInterfaceOrientationPortraitUpsideDown UIInterfaceOrientationLandscapeLeft UIInterfaceOrientationLandscapeRight";
				INFOPLIST_KEY_UISupportedInterfaceOrientations_iPhone = "UIInterfaceOrientationPortrait UIInterfaceOrientationLandscapeLeft UIInterfaceOrientationLandscapeRight";
				IPHONEOS_DEPLOYMENT_TARGET = 16.0;
				LD_RUNPATH_SEARCH_PATHS = (
					"$(inherited)",
					"@executable_path/Frameworks",
				);
				MARKETING_VERSION = 1.0;
				PRODUCT_BUNDLE_IDENTIFIER = "com.fournier.FestPlan-MobileApp";
				PRODUCT_NAME = FestPlan;
				SWIFT_EMIT_LOC_STRINGS = YES;
				SWIFT_VERSION = 5.0;
				TARGETED_DEVICE_FAMILY = "1,2";
			};
			name = Debug;
		};
		BC51113329ACF22E0074E67A /* Release */ = {
			isa = XCBuildConfiguration;
			buildSettings = {
				ASSETCATALOG_COMPILER_APPICON_NAME = AppIcon;
				ASSETCATALOG_COMPILER_GLOBAL_ACCENT_COLOR_NAME = AccentColor;
				CODE_SIGN_STYLE = Automatic;
				CURRENT_PROJECT_VERSION = 1;
				DEVELOPMENT_ASSET_PATHS = "\"FestPlan_MobileApp/Preview Content\"";
				ENABLE_PREVIEWS = YES;
				GENERATE_INFOPLIST_FILE = YES;
				INFOPLIST_KEY_UIApplicationSceneManifest_Generation = YES;
				INFOPLIST_KEY_UIApplicationSupportsIndirectInputEvents = YES;
				INFOPLIST_KEY_UILaunchScreen_Generation = YES;
				INFOPLIST_KEY_UISupportedInterfaceOrientations_iPad = "UIInterfaceOrientationPortrait UIInterfaceOrientationPortraitUpsideDown UIInterfaceOrientationLandscapeLeft UIInterfaceOrientationLandscapeRight";
				INFOPLIST_KEY_UISupportedInterfaceOrientations_iPhone = "UIInterfaceOrientationPortrait UIInterfaceOrientationLandscapeLeft UIInterfaceOrientationLandscapeRight";
				IPHONEOS_DEPLOYMENT_TARGET = 16.0;
				LD_RUNPATH_SEARCH_PATHS = (
					"$(inherited)",
					"@executable_path/Frameworks",
				);
				MARKETING_VERSION = 1.0;
				PRODUCT_BUNDLE_IDENTIFIER = "com.fournier.FestPlan-MobileApp";
				PRODUCT_NAME = FestPlan;
				SWIFT_EMIT_LOC_STRINGS = YES;
				SWIFT_VERSION = 5.0;
				TARGETED_DEVICE_FAMILY = "1,2";
			};
			name = Release;
		};
/* End XCBuildConfiguration section */

/* Begin XCConfigurationList section */
		BC51111E29ACF22C0074E67A /* Build configuration list for PBXProject "FestPlan_MobileApp" */ = {
			isa = XCConfigurationList;
			buildConfigurations = (
				BC51112F29ACF22E0074E67A /* Debug */,
				BC51113029ACF22E0074E67A /* Release */,
			);
			defaultConfigurationIsVisible = 0;
			defaultConfigurationName = Release;
		};
		BC51113129ACF22E0074E67A /* Build configuration list for PBXNativeTarget "FestPlan_MobileApp" */ = {
			isa = XCConfigurationList;
			buildConfigurations = (
				BC51113229ACF22E0074E67A /* Debug */,
				BC51113329ACF22E0074E67A /* Release */,
			);
			defaultConfigurationIsVisible = 0;
			defaultConfigurationName = Release;
		};
/* End XCConfigurationList section */
	};
	rootObject = BC51111B29ACF22C0074E67A /* Project object */;
}
